// !$*UTF8*$!
{
	archiveVersion = 1;
	classes = {
	};
	objectVersion = 46;
	objects = {

/* Begin PBXBuildFile section */
		4202CCDF1A7A924F006C167C /* AppDelegate.swift in Sources */ = {isa = PBXBuildFile; fileRef = 4202CCDE1A7A924F006C167C /* AppDelegate.swift */; };
		4202CCE11A7A924F006C167C /* ViewController.swift in Sources */ = {isa = PBXBuildFile; fileRef = 4202CCE01A7A924F006C167C /* ViewController.swift */; };
		4202CCE41A7A9250006C167C /* Main.storyboard in Resources */ = {isa = PBXBuildFile; fileRef = 4202CCE21A7A924F006C167C /* Main.storyboard */; };
		4202CCE61A7A9250006C167C /* Images.xcassets in Resources */ = {isa = PBXBuildFile; fileRef = 4202CCE51A7A9250006C167C /* Images.xcassets */; };
		4202CCE91A7A9250006C167C /* LaunchScreen.xib in Resources */ = {isa = PBXBuildFile; fileRef = 4202CCE71A7A9250006C167C /* LaunchScreen.xib */; };
		4202CCF51A7A9250006C167C /* UITableViewSeperatorEffectsTests.swift in Sources */ = {isa = PBXBuildFile; fileRef = 4202CCF41A7A9250006C167C /* UITableViewSeperatorEffectsTests.swift */; };
/* End PBXBuildFile section */

/* Begin PBXContainerItemProxy section */
		4202CCEF1A7A9250006C167C /* PBXContainerItemProxy */ = {
			isa = PBXContainerItemProxy;
			containerPortal = 4202CCD11A7A924F006C167C /* Project object */;
			proxyType = 1;
			remoteGlobalIDString = 4202CCD81A7A924F006C167C;
			remoteInfo = UITableViewSeperatorEffects;
		};
/* End PBXContainerItemProxy section */

/* Begin PBXFileReference section */
		4202CCD91A7A924F006C167C /* UITableViewSeperatorEffects.app */ = {isa = PBXFileReference; explicitFileType = wrapper.application; includeInIndex = 0; path = UITableViewSeperatorEffects.app; sourceTree = BUILT_PRODUCTS_DIR; };
		4202CCDD1A7A924F006C167C /* Info.plist */ = {isa = PBXFileReference; lastKnownFileType = text.plist.xml; path = Info.plist; sourceTree = "<group>"; };
		4202CCDE1A7A924F006C167C /* AppDelegate.swift */ = {isa = PBXFileReference; lastKnownFileType = sourcecode.swift; path = AppDelegate.swift; sourceTree = "<group>"; };
		4202CCE01A7A924F006C167C /* ViewController.swift */ = {isa = PBXFileReference; lastKnownFileType = sourcecode.swift; path = ViewController.swift; sourceTree = "<group>"; };
		4202CCE31A7A924F006C167C /* Base */ = {isa = PBXFileReference; lastKnownFileType = file.storyboard; name = Base; path = Base.lproj/Main.storyboard; sourceTree = "<group>"; };
		4202CCE51A7A9250006C167C /* Images.xcassets */ = {isa = PBXFileReference; lastKnownFileType = folder.assetcatalog; path = Images.xcassets; sourceTree = "<group>"; };
		4202CCE81A7A9250006C167C /* Base */ = {isa = PBXFileReference; lastKnownFileType = file.xib; name = Base; path = Base.lproj/LaunchScreen.xib; sourceTree = "<group>"; };
		4202CCEE1A7A9250006C167C /* UITableViewSeperatorEffectsTests.xctest */ = {isa = PBXFileReference; explicitFileType = wrapper.cfbundle; includeInIndex = 0; path = UITableViewSeperatorEffectsTests.xctest; sourceTree = BUILT_PRODUCTS_DIR; };
		4202CCF31A7A9250006C167C /* Info.plist */ = {isa = PBXFileReference; lastKnownFileType = text.plist.xml; path = Info.plist; sourceTree = "<group>"; };
		4202CCF41A7A9250006C167C /* UITableViewSeperatorEffectsTests.swift */ = {isa = PBXFileReference; lastKnownFileType = sourcecode.swift; path = UITableViewSeperatorEffectsTests.swift; sourceTree = "<group>"; };
/* End PBXFileReference section */

/* Begin PBXFrameworksBuildPhase section */
		4202CCD61A7A924F006C167C /* Frameworks */ = {
			isa = PBXFrameworksBuildPhase;
			buildActionMask = 2147483647;
			files = (
			);
			runOnlyForDeploymentPostprocessing = 0;
		};
		4202CCEB1A7A9250006C167C /* Frameworks */ = {
			isa = PBXFrameworksBuildPhase;
			buildActionMask = 2147483647;
			files = (
			);
			runOnlyForDeploymentPostprocessing = 0;
		};
/* End PBXFrameworksBuildPhase section */

/* Begin PBXGroup section */
		4202CCD01A7A924F006C167C = {
			isa = PBXGroup;
			children = (
				4202CCDB1A7A924F006C167C /* UITableViewSeperatorEffects */,
				4202CCF11A7A9250006C167C /* UITableViewSeperatorEffectsTests */,
				4202CCDA1A7A924F006C167C /* Products */,
			);
			sourceTree = "<group>";
		};
		4202CCDA1A7A924F006C167C /* Products */ = {
			isa = PBXGroup;
			children = (
				4202CCD91A7A924F006C167C /* UITableViewSeperatorEffects.app */,
				4202CCEE1A7A9250006C167C /* UITableViewSeperatorEffectsTests.xctest */,
			);
			name = Products;
			sourceTree = "<group>";
		};
		4202CCDB1A7A924F006C167C /* UITableViewSeperatorEffects */ = {
			isa = PBXGroup;
			children = (
				4202CCDE1A7A924F006C167C /* AppDelegate.swift */,
				4202CCE01A7A924F006C167C /* ViewController.swift */,
				4202CCE21A7A924F006C167C /* Main.storyboard */,
				4202CCE51A7A9250006C167C /* Images.xcassets */,
				4202CCE71A7A9250006C167C /* LaunchScreen.xib */,
				4202CCDC1A7A924F006C167C /* Supporting Files */,
			);
			path = UITableViewSeperatorEffects;
			sourceTree = "<group>";
		};
		4202CCDC1A7A924F006C167C /* Supporting Files */ = {
			isa = PBXGroup;
			children = (
				4202CCDD1A7A924F006C167C /* Info.plist */,
			);
			name = "Supporting Files";
			sourceTree = "<group>";
		};
		4202CCF11A7A9250006C167C /* UITableViewSeperatorEffectsTests */ = {
			isa = PBXGroup;
			children = (
				4202CCF41A7A9250006C167C /* UITableViewSeperatorEffectsTests.swift */,
				4202CCF21A7A9250006C167C /* Supporting Files */,
			);
			path = UITableViewSeperatorEffectsTests;
			sourceTree = "<group>";
		};
		4202CCF21A7A9250006C167C /* Supporting Files */ = {
			isa = PBXGroup;
			children = (
				4202CCF31A7A9250006C167C /* Info.plist */,
			);
			name = "Supporting Files";
			sourceTree = "<group>";
		};
/* End PBXGroup section */

/* Begin PBXNativeTarget section */
		4202CCD81A7A924F006C167C /* UITableViewSeperatorEffects */ = {
			isa = PBXNativeTarget;
			buildConfigurationList = 4202CCF81A7A9250006C167C /* Build configuration list for PBXNativeTarget "UITableViewSeperatorEffects" */;
			buildPhases = (
				4202CCD51A7A924F006C167C /* Sources */,
				4202CCD61A7A924F006C167C /* Frameworks */,
				4202CCD71A7A924F006C167C /* Resources */,
			);
			buildRules = (
			);
			dependencies = (
			);
			name = UITableViewSeperatorEffects;
			productName = UITableViewSeperatorEffects;
			productReference = 4202CCD91A7A924F006C167C /* UITableViewSeperatorEffects.app */;
			productType = "com.apple.product-type.application";
		};
		4202CCED1A7A9250006C167C /* UITableViewSeperatorEffectsTests */ = {
			isa = PBXNativeTarget;
			buildConfigurationList = 4202CCFB1A7A9250006C167C /* Build configuration list for PBXNativeTarget "UITableViewSeperatorEffectsTests" */;
			buildPhases = (
				4202CCEA1A7A9250006C167C /* Sources */,
				4202CCEB1A7A9250006C167C /* Frameworks */,
				4202CCEC1A7A9250006C167C /* Resources */,
			);
			buildRules = (
			);
			dependencies = (
				4202CCF01A7A9250006C167C /* PBXTargetDependency */,
			);
			name = UITableViewSeperatorEffectsTests;
			productName = UITableViewSeperatorEffectsTests;
			productReference = 4202CCEE1A7A9250006C167C /* UITableViewSeperatorEffectsTests.xctest */;
			productType = "com.apple.product-type.bundle.unit-test";
		};
/* End PBXNativeTarget section */

/* Begin PBXProject section */
		4202CCD11A7A924F006C167C /* Project object */ = {
			isa = PBXProject;
			attributes = {
				LastUpgradeCheck = 0610;
				ORGANIZATIONNAME = danielgalasko;
				TargetAttributes = {
					4202CCD81A7A924F006C167C = {
						CreatedOnToolsVersion = 6.1.1;
					};
					4202CCED1A7A9250006C167C = {
						CreatedOnToolsVersion = 6.1.1;
						TestTargetID = 4202CCD81A7A924F006C167C;
					};
				};
			};
			buildConfigurationList = 4202CCD41A7A924F006C167C /* Build configuration list for PBXProject "UITableViewSeperatorEffects" */;
			compatibilityVersion = "Xcode 3.2";
			developmentRegion = English;
			hasScannedForEncodings = 0;
			knownRegions = (
				en,
				Base,
			);
			mainGroup = 4202CCD01A7A924F006C167C;
			productRefGroup = 4202CCDA1A7A924F006C167C /* Products */;
			projectDirPath = "";
			projectRoot = "";
			targets = (
				4202CCD81A7A924F006C167C /* UITableViewSeperatorEffects */,
				4202CCED1A7A9250006C167C /* UITableViewSeperatorEffectsTests */,
			);
		};
/* End PBXProject section */

/* Begin PBXResourcesBuildPhase section */
		4202CCD71A7A924F006C167C /* Resources */ = {
			isa = PBXResourcesBuildPhase;
			buildActionMask = 2147483647;
			files = (
				4202CCE41A7A9250006C167C /* Main.storyboard in Resources */,
				4202CCE91A7A9250006C167C /* LaunchScreen.xib in Resources */,
				4202CCE61A7A9250006C167C /* Images.xcassets in Resources */,
			);
			runOnlyForDeploymentPostprocessing = 0;
		};
		4202CCEC1A7A9250006C167C /* Resources */ = {
			isa = PBXResourcesBuildPhase;
			buildActionMask = 2147483647;
			files = (
			);
			runOnlyForDeploymentPostprocessing = 0;
		};
/* End PBXResourcesBuildPhase section */

/* Begin PBXSourcesBuildPhase section */
		4202CCD51A7A924F006C167C /* Sources */ = {
			isa = PBXSourcesBuildPhase;
			buildActionMask = 2147483647;
			files = (
				4202CCE11A7A924F006C167C /* ViewController.swift in Sources */,
				4202CCDF1A7A924F006C167C /* AppDelegate.swift in Sources */,
			);
			runOnlyForDeploymentPostprocessing = 0;
		};
		4202CCEA1A7A9250006C167C /* Sources */ = {
			isa = PBXSourcesBuildPhase;
			buildActionMask = 2147483647;
			files = (
				4202CCF51A7A9250006C167C /* UITableViewSeperatorEffectsTests.swift in Sources */,
			);
			runOnlyForDeploymentPostprocessing = 0;
		};
/* End PBXSourcesBuildPhase section */

/* Begin PBXTargetDependency section */
		4202CCF01A7A9250006C167C /* PBXTargetDependency */ = {
			isa = PBXTargetDependency;
			target = 4202CCD81A7A924F006C167C /* UITableViewSeperatorEffects */;
			targetProxy = 4202CCEF1A7A9250006C167C /* PBXContainerItemProxy */;
		};
/* End PBXTargetDependency section */

/* Begin PBXVariantGroup section */
		4202CCE21A7A924F006C167C /* Main.storyboard */ = {
			isa = PBXVariantGroup;
			children = (
				4202CCE31A7A924F006C167C /* Base */,
			);
			name = Main.storyboard;
			sourceTree = "<group>";
		};
		4202CCE71A7A9250006C167C /* LaunchScreen.xib */ = {
			isa = PBXVariantGroup;
			children = (
				4202CCE81A7A9250006C167C /* Base */,
			);
			name = LaunchScreen.xib;
			sourceTree = "<group>";
		};
/* End PBXVariantGroup section */

/* Begin XCBuildConfiguration section */
		4202CCF61A7A9250006C167C /* Debug */ = {
			isa = XCBuildConfiguration;
			buildSettings = {
				ALWAYS_SEARCH_USER_PATHS = NO;
				CLANG_CXX_LANGUAGE_STANDARD = "gnu++0x";
				CLANG_CXX_LIBRARY = "libc++";
				CLANG_ENABLE_MODULES = YES;
				CLANG_ENABLE_OBJC_ARC = YES;
				CLANG_WARN_BOOL_CONVERSION = YES;
				CLANG_WARN_CONSTANT_CONVERSION = YES;
				CLANG_WARN_DIRECT_OBJC_ISA_USAGE = YES_ERROR;
				CLANG_WARN_EMPTY_BODY = YES;
				CLANG_WARN_ENUM_CONVERSION = YES;
				CLANG_WARN_INT_CONVERSION = YES;
				CLANG_WARN_OBJC_ROOT_CLASS = YES_ERROR;
				CLANG_WARN_UNREACHABLE_CODE = YES;
				CLANG_WARN__DUPLICATE_METHOD_MATCH = YES;
				"CODE_SIGN_IDENTITY[sdk=iphoneos*]" = "iPhone Developer";
				COPY_PHASE_STRIP = NO;
				ENABLE_STRICT_OBJC_MSGSEND = YES;
				GCC_C_LANGUAGE_STANDARD = gnu99;
				GCC_DYNAMIC_NO_PIC = NO;
				GCC_OPTIMIZATION_LEVEL = 0;
				GCC_PREPROCESSOR_DEFINITIONS = (
					"DEBUG=1",
					"$(inherited)",
				);
				GCC_SYMBOLS_PRIVATE_EXTERN = NO;
				GCC_WARN_64_TO_32_BIT_CONVERSION = YES;
				GCC_WARN_ABOUT_RETURN_TYPE = YES_ERROR;
				GCC_WARN_UNDECLARED_SELECTOR = YES;
				GCC_WARN_UNINITIALIZED_AUTOS = YES_AGGRESSIVE;
				GCC_WARN_UNUSED_FUNCTION = YES;
				GCC_WARN_UNUSED_VARIABLE = YES;
				IPHONEOS_DEPLOYMENT_TARGET = 8.1;
				MTL_ENABLE_DEBUG_INFO = YES;
				ONLY_ACTIVE_ARCH = YES;
				SDKROOT = iphoneos;
				SWIFT_OPTIMIZATION_LEVEL = "-Onone";
			};
			name = Debug;
		};
		4202CCF71A7A9250006C167C /* Release */ = {
			isa = XCBuildConfiguration;
			buildSettings = {
				ALWAYS_SEARCH_USER_PATHS = NO;
				CLANG_CXX_LANGUAGE_STANDARD = "gnu++0x";
				CLANG_CXX_LIBRARY = "libc++";
				CLANG_ENABLE_MODULES = YES;
				CLANG_ENABLE_OBJC_ARC = YES;
				CLANG_WARN_BOOL_CONVERSION = YES;
				CLANG_WARN_CONSTANT_CONVERSION = YES;
				CLANG_WARN_DIRECT_OBJC_ISA_USAGE = YES_ERROR;
				CLANG_WARN_EMPTY_BODY = YES;
				CLANG_WARN_ENUM_CONVERSION = YES;
				CLANG_WARN_INT_CONVERSION = YES;
				CLANG_WARN_OBJC_ROOT_CLASS = YES_ERROR;
				CLANG_WARN_UNREACHABLE_CODE = YES;
				CLANG_WARN__DUPLICATE_METHOD_MATCH = YES;
				"CODE_SIGN_IDENTITY[sdk=iphoneos*]" = "iPhone Developer";
				COPY_PHASE_STRIP = YES;
				ENABLE_NS_ASSERTIONS = NO;
				ENABLE_STRICT_OBJC_MSGSEND = YES;
				GCC_C_LANGUAGE_STANDARD = gnu99;
				GCC_WARN_64_TO_32_BIT_CONVERSION = YES;
				GCC_WARN_ABOUT_RETURN_TYPE = YES_ERROR;
				GCC_WARN_UNDECLARED_SELECTOR = YES;
				GCC_WARN_UNINITIALIZED_AUTOS = YES_AGGRESSIVE;
				GCC_WARN_UNUSED_FUNCTION = YES;
				GCC_WARN_UNUSED_VARIABLE = YES;
				IPHONEOS_DEPLOYMENT_TARGET = 8.1;
				MTL_ENABLE_DEBUG_INFO = NO;
				SDKROOT = iphoneos;
				VALIDATE_PRODUCT = YES;
			};
			name = Release;
		};
		4202CCF91A7A9250006C167C /* Debug */ = {
			isa = XCBuildConfiguration;
			buildSettings = {
				ASSETCATALOG_COMPILER_APPICON_NAME = AppIcon;
				INFOPLIST_FILE = UITableViewSeperatorEffects/Info.plist;
				LD_RUNPATH_SEARCH_PATHS = "$(inherited) @executable_path/Frameworks";
				PRODUCT_NAME = "$(TARGET_NAME)";
			};
			name = Debug;
		};
		4202CCFA1A7A9250006C167C /* Release */ = {
			isa = XCBuildConfiguration;
			buildSettings = {
				ASSETCATALOG_COMPILER_APPICON_NAME = AppIcon;
				INFOPLIST_FILE = UITableViewSeperatorEffects/Info.plist;
				LD_RUNPATH_SEARCH_PATHS = "$(inherited) @executable_path/Frameworks";
				PRODUCT_NAME = "$(TARGET_NAME)";
			};
			name = Release;
		};
		4202CCFC1A7A9250006C167C /* Debug */ = {
			isa = XCBuildConfiguration;
			buildSettings = {
				BUNDLE_LOADER = "$(TEST_HOST)";
				FRAMEWORK_SEARCH_PATHS = (
					"$(SDKROOT)/Developer/Library/Frameworks",
					"$(inherited)",
				);
				GCC_PREPROCESSOR_DEFINITIONS = (
					"DEBUG=1",
					"$(inherited)",
				);
				INFOPLIST_FILE = UITableViewSeperatorEffectsTests/Info.plist;
				LD_RUNPATH_SEARCH_PATHS = "$(inherited) @executable_path/Frameworks @loader_path/Frameworks";
				PRODUCT_NAME = "$(TARGET_NAME)";
				TEST_HOST = "$(BUILT_PRODUCTS_DIR)/UITableViewSeperatorEffects.app/UITableViewSeperatorEffects";
			};
			name = Debug;
		};
		4202CCFD1A7A9250006C167C /* Release */ = {
			isa = XCBuildConfiguration;
			buildSettings = {
				BUNDLE_LOADER = "$(TEST_HOST)";
				FRAMEWORK_SEARCH_PATHS = (
					"$(SDKROOT)/Developer/Library/Frameworks",
					"$(inherited)",
				);
				INFOPLIST_FILE = UITableViewSeperatorEffectsTests/Info.plist;
				LD_RUNPATH_SEARCH_PATHS = "$(inherited) @executable_path/Frameworks @loader_path/Frameworks";
				PRODUCT_NAME = "$(TARGET_NAME)";
				TEST_HOST = "$(BUILT_PRODUCTS_DIR)/UITableViewSeperatorEffects.app/UITableViewSeperatorEffects";
			};
			name = Release;
		};
/* End XCBuildConfiguration section */

/* Begin XCConfigurationList section */
		4202CCD41A7A924F006C167C /* Build configuration list for PBXProject "UITableViewSeperatorEffects" */ = {
			isa = XCConfigurationList;
			buildConfigurations = (
				4202CCF61A7A9250006C167C /* Debug */,
				4202CCF71A7A9250006C167C /* Release */,
			);
			defaultConfigurationIsVisible = 0;
			defaultConfigurationName = Release;
		};
		4202CCF81A7A9250006C167C /* Build configuration list for PBXNativeTarget "UITableViewSeperatorEffects" */ = {
			isa = XCConfigurationList;
			buildConfigurations = (
				4202CCF91A7A9250006C167C /* Debug */,
				4202CCFA1A7A9250006C167C /* Release */,
			);
			defaultConfigurationIsVisible = 0;
		};
		4202CCFB1A7A9250006C167C /* Build configuration list for PBXNativeTarget "UITableViewSeperatorEffectsTests" */ = {
			isa = XCConfigurationList;
			buildConfigurations = (
				4202CCFC1A7A9250006C167C /* Debug */,
				4202CCFD1A7A9250006C167C /* Release */,
			);
			defaultConfigurationIsVisible = 0;
		};
/* End XCConfigurationList section */
	};
	rootObject = 4202CCD11A7A924F006C167C /* Project object */;
}
